# THIS IS AN AUTOGENERATED FILE. DO NOT EDIT THIS FILE DIRECTLY.
# yarn lockfile v1


"@types/node@^17.0.5":
  version "17.0.5"
  resolved "http://npm.perfma-inc.net:80/@types%2fnode/-/node-17.0.5.tgz#57ca67ec4e57ad9e4ef5a6bab48a15387a1c83e0"
  integrity sha512-w3mrvNXLeDYV1GKTZorGJQivK6XLCoGwpnyJFbJVK/aTBQUxOCaa/GlFAAN3OTDFcb7h5tiFG+YXCO2By+riZw==
